
Microsoft Visual Studio Solution File, Format Version 12.00
# Visual Studio 15
VisualStudioVersion = 15.0.28010.2036
MinimumVisualStudioVersion = 10.0.40219.1
Project("{FAE04EC0-301F-11D3-BF4B-00C04F79EFBC}") = "mac", "mac\mac.csproj", "{DB5F8950-EC8F-46E6-B2F0-4D04A52961C7}"
EndProject
Global
	GlobalSection(SolutionConfigurationPlatforms) = preSolution
		Debug|Any CPU = Debug|Any CPU
		Release|Any CPU = Release|Any CPU
	EndGlobalSection
	GlobalSection(ProjectConfigurationPlatforms) = postSolution
		{DB5F8950-EC8F-46E6-B2F0-4D04A52961C7}.Debug|Any CPU.ActiveCfg = Debug|Any CPU
		{DB5F8950-EC8F-46E6-B2F0-4D04A52961C7}.Debug|Any CPU.Build.0 = Debug|Any CPU
		{DB5F8950-EC8F-46E6-B2F0-4D04A52961C7}.Release|Any CPU.ActiveCfg = Release|Any CPU
		{DB5F8950-EC8F-46E6-B2F0-4D04A52961C7}.Release|Any CPU.Build.0 = Release|Any CPU
	EndGlobalSection
	GlobalSection(SolutionProperties) = preSolution
		HideSolutionNode = FALSE
	EndGlobalSection
	GlobalSection(ExtensibilityGlobals) = postSolution
		SolutionGuid = {24FBCF8A-981E-4805-B088-ED4E11270236}
	EndGlobalSection
EndGlobal
